// !$*UTF8*$!
{
	archiveVersion = 1;
	classes = {
	};
	objectVersion = 55;
	objects = {

/* Begin PBXBuildFile section */
		6C23D940284E072D009351E0 /* FloatsApp.swift in Sources */ = {isa = PBXBuildFile; fileRef = 6C23D93F284E072D009351E0 /* FloatsApp.swift */; };
		6C23D947284E072F009351E0 /* Preview Assets.xcassets in Resources */ = {isa = PBXBuildFile; fileRef = 6C23D946284E072F009351E0 /* Preview Assets.xcassets */; };
		6C23D951284E07BC009351E0 /* HomeView.swift in Sources */ = {isa = PBXBuildFile; fileRef = 6C23D950284E07BC009351E0 /* HomeView.swift */; };
		6C23D955284E1699009351E0 /* HomeTextView.swift in Sources */ = {isa = PBXBuildFile; fileRef = 6C23D954284E1699009351E0 /* HomeTextView.swift */; };
		6C23D95F284E361B009351E0 /* CategoryView.swift in Sources */ = {isa = PBXBuildFile; fileRef = 6C23D95E284E361B009351E0 /* CategoryView.swift */; };
		6C23D96B284F5BDE009351E0 /* ProductCardView.swift in Sources */ = {isa = PBXBuildFile; fileRef = 6C23D96A284F5BDE009351E0 /* ProductCardView.swift */; };
		6C292936286229930056F504 /* PurpleCowView.swift in Sources */ = {isa = PBXBuildFile; fileRef = 6C292935286229930056F504 /* PurpleCowView.swift */; };
		6C29293828622A870056F504 /* BlueberryScreen.swift in Sources */ = {isa = PBXBuildFile; fileRef = 6C29293728622A870056F504 /* BlueberryScreen.swift */; };
		6C29293A28622B340056F504 /* OceanFloatScreen.swift in Sources */ = {isa = PBXBuildFile; fileRef = 6C29293928622B340056F504 /* OceanFloatScreen.swift */; };
		6C29293D286333830056F504 /* ThaiBubblegumScreen.swift in Sources */ = {isa = PBXBuildFile; fileRef = 6C29293C286333830056F504 /* ThaiBubblegumScreen.swift */; };
		6C43D2662854BC98002F46F1 /* MapView.swift in Sources */ = {isa = PBXBuildFile; fileRef = 6C43D2652854BC98002F46F1 /* MapView.swift */; };
		6C43D26D2854E3DB002F46F1 /* TabBarView.swift in Sources */ = {isa = PBXBuildFile; fileRef = 6C43D26C2854E3DB002F46F1 /* TabBarView.swift */; };
		6C4502572863463F007F2C53 /* RbFloatScreen.swift in Sources */ = {isa = PBXBuildFile; fileRef = 6C4502562863463F007F2C53 /* RbFloatScreen.swift */; };
		6C450259286346C2007F2C53 /* CoffeeFloatScreen.swift in Sources */ = {isa = PBXBuildFile; fileRef = 6C450258286346C2007F2C53 /* CoffeeFloatScreen.swift */; };
		6C45025B2863477D007F2C53 /* ThaiBlossomScreen.swift in Sources */ = {isa = PBXBuildFile; fileRef = 6C45025A2863477D007F2C53 /* ThaiBlossomScreen.swift */; };
		6C45025D28634855007F2C53 /* OreoCaramelScreen.swift in Sources */ = {isa = PBXBuildFile; fileRef = 6C45025C28634855007F2C53 /* OreoCaramelScreen.swift */; };
		6C45025F286348EB007F2C53 /* StrawberryScreen.swift in Sources */ = {isa = PBXBuildFile; fileRef = 6C45025E286348EB007F2C53 /* StrawberryScreen.swift */; };
		6C45026128634B4D007F2C53 /* CreamSicleScreen.swift in Sources */ = {isa = PBXBuildFile; fileRef = 6C45026028634B4D007F2C53 /* CreamSicleScreen.swift */; };
		6C45026328634C3E007F2C53 /* BlueberryGrahamScreen.swift in Sources */ = {isa = PBXBuildFile; fileRef = 6C45026228634C3E007F2C53 /* BlueberryGrahamScreen.swift */; };
		6C45026528634D4C007F2C53 /* StrawberryKiwiScreen.swift in Sources */ = {isa = PBXBuildFile; fileRef = 6C45026428634D4C007F2C53 /* StrawberryKiwiScreen.swift */; };
		6C4502672863618D007F2C53 /* SearchView.swift in Sources */ = {isa = PBXBuildFile; fileRef = 6C4502662863618D007F2C53 /* SearchView.swift */; };
		6C450269286365E9007F2C53 /* SearchFloatView.swift in Sources */ = {isa = PBXBuildFile; fileRef = 6C450268286365E9007F2C53 /* SearchFloatView.swift */; };
		6C45026B28636E43007F2C53 /* SearchSundaeView.swift in Sources */ = {isa = PBXBuildFile; fileRef = 6C45026A28636E43007F2C53 /* SearchSundaeView.swift */; };
		6C59564A285E2A2A003C3480 /* AllScreen.swift in Sources */ = {isa = PBXBuildFile; fileRef = 6C595649285E2A2A003C3480 /* AllScreen.swift */; };
		6C59564E285F91E8003C3480 /* Assets.xcassets in Resources */ = {isa = PBXBuildFile; fileRef = 6C59564D285F91E8003C3480 /* Assets.xcassets */; };
		6CB64FBB2851474D00BFF898 /* CocoaScreen.swift in Sources */ = {isa = PBXBuildFile; fileRef = 6CB64FBA2851474D00BFF898 /* CocoaScreen.swift */; };
		6CB64FD4285222F300BFF898 /* BlueBerryKiwiScreen.swift in Sources */ = {isa = PBXBuildFile; fileRef = 6CB64FD3285222F300BFF898 /* BlueBerryKiwiScreen.swift */; };
		6CB96D40285653F100836ED1 /* ColaFloatScreen.swift in Sources */ = {isa = PBXBuildFile; fileRef = 6CB96D3F285653F100836ED1 /* ColaFloatScreen.swift */; };
/* End PBXBuildFile section */

/* Begin PBXFileReference section */
		6C23D93C284E072D009351E0 /* Floats.app */ = {isa = PBXFileReference; explicitFileType = wrapper.application; includeInIndex = 0; path = Floats.app; sourceTree = BUILT_PRODUCTS_DIR; };
		6C23D93F284E072D009351E0 /* FloatsApp.swift */ = {isa = PBXFileReference; lastKnownFileType = sourcecode.swift; path = FloatsApp.swift; sourceTree = "<group>"; };
		6C23D946284E072F009351E0 /* Preview Assets.xcassets */ = {isa = PBXFileReference; lastKnownFileType = folder.assetcatalog; path = "Preview Assets.xcassets"; sourceTree = "<group>"; };
		6C23D950284E07BC009351E0 /* HomeView.swift */ = {isa = PBXFileReference; lastKnownFileType = sourcecode.swift; path = HomeView.swift; sourceTree = "<group>"; };
		6C23D954284E1699009351E0 /* HomeTextView.swift */ = {isa = PBXFileReference; lastKnownFileType = sourcecode.swift; path = HomeTextView.swift; sourceTree = "<group>"; };
		6C23D95E284E361B009351E0 /* CategoryView.swift */ = {isa = PBXFileReference; lastKnownFileType = sourcecode.swift; path = CategoryView.swift; sourceTree = "<group>"; };
		6C23D96A284F5BDE009351E0 /* ProductCardView.swift */ = {isa = PBXFileReference; lastKnownFileType = sourcecode.swift; path = ProductCardView.swift; sourceTree = "<group>"; };
		6C292935286229930056F504 /* PurpleCowView.swift */ = {isa = PBXFileReference; lastKnownFileType = sourcecode.swift; path = PurpleCowView.swift; sourceTree = "<group>"; };
		6C29293728622A870056F504 /* BlueberryScreen.swift */ = {isa = PBXFileReference; lastKnownFileType = sourcecode.swift; path = BlueberryScreen.swift; sourceTree = "<group>"; };
		6C29293928622B340056F504 /* OceanFloatScreen.swift */ = {isa = PBXFileReference; lastKnownFileType = sourcecode.swift; path = OceanFloatScreen.swift; sourceTree = "<group>"; };
		6C29293C286333830056F504 /* ThaiBubblegumScreen.swift */ = {isa = PBXFileReference; lastKnownFileType = sourcecode.swift; path = ThaiBubblegumScreen.swift; sourceTree = "<group>"; };
		6C43D2652854BC98002F46F1 /* MapView.swift */ = {isa = PBXFileReference; lastKnownFileType = sourcecode.swift; path = MapView.swift; sourceTree = "<group>"; };
		6C43D26C2854E3DB002F46F1 /* TabBarView.swift */ = {isa = PBXFileReference; lastKnownFileType = sourcecode.swift; path = TabBarView.swift; sourceTree = "<group>"; };
		6C4502562863463F007F2C53 /* RbFloatScreen.swift */ = {isa = PBXFileReference; lastKnownFileType = sourcecode.swift; path = RbFloatScreen.swift; sourceTree = "<group>"; };
		6C450258286346C2007F2C53 /* CoffeeFloatScreen.swift */ = {isa = PBXFileReference; fileEncoding = 4; lastKnownFileType = sourcecode.swift; name = CoffeeFloatScreen.swift; path = "../../../../../Library/Mobile Documents/com~apple~CloudDocs/.Trash/CoffeeFloatScreen.swift"; sourceTree = "<group>"; };
		6C45025A2863477D007F2C53 /* ThaiBlossomScreen.swift */ = {isa = PBXFileReference; lastKnownFileType = sourcecode.swift; path = ThaiBlossomScreen.swift; sourceTree = "<group>"; };
		6C45025C28634855007F2C53 /* OreoCaramelScreen.swift */ = {isa = PBXFileReference; lastKnownFileType = sourcecode.swift; path = OreoCaramelScreen.swift; sourceTree = "<group>"; };
		6C45025E286348EB007F2C53 /* StrawberryScreen.swift */ = {isa = PBXFileReference; lastKnownFileType = sourcecode.swift; path = StrawberryScreen.swift; sourceTree = "<group>"; };
		6C45026028634B4D007F2C53 /* CreamSicleScreen.swift */ = {isa = PBXFileReference; lastKnownFileType = sourcecode.swift; path = CreamSicleScreen.swift; sourceTree = "<group>"; };
		6C45026228634C3E007F2C53 /* BlueberryGrahamScreen.swift */ = {isa = PBXFileReference; lastKnownFileType = sourcecode.swift; path = BlueberryGrahamScreen.swift; sourceTree = "<group>"; };
		6C45026428634D4C007F2C53 /* StrawberryKiwiScreen.swift */ = {isa = PBXFileReference; lastKnownFileType = sourcecode.swift; path = StrawberryKiwiScreen.swift; sourceTree = "<group>"; };
		6C4502662863618D007F2C53 /* SearchView.swift */ = {isa = PBXFileReference; lastKnownFileType = sourcecode.swift; path = SearchView.swift; sourceTree = "<group>"; };
		6C450268286365E9007F2C53 /* SearchFloatView.swift */ = {isa = PBXFileReference; lastKnownFileType = sourcecode.swift; path = SearchFloatView.swift; sourceTree = "<group>"; };
		6C45026A28636E43007F2C53 /* SearchSundaeView.swift */ = {isa = PBXFileReference; lastKnownFileType = sourcecode.swift; path = SearchSundaeView.swift; sourceTree = "<group>"; };
		6C595649285E2A2A003C3480 /* AllScreen.swift */ = {isa = PBXFileReference; lastKnownFileType = sourcecode.swift; path = AllScreen.swift; sourceTree = "<group>"; };
		6C59564D285F91E8003C3480 /* Assets.xcassets */ = {isa = PBXFileReference; lastKnownFileType = folder.assetcatalog; name = Assets.xcassets; path = "../../../../../Library/Mobile Documents/com~apple~CloudDocs/.Trash/Assets.xcassets"; sourceTree = "<group>"; };
		6CB64FBA2851474D00BFF898 /* CocoaScreen.swift */ = {isa = PBXFileReference; lastKnownFileType = sourcecode.swift; path = CocoaScreen.swift; sourceTree = "<group>"; };
		6CB64FD3285222F300BFF898 /* BlueBerryKiwiScreen.swift */ = {isa = PBXFileReference; lastKnownFileType = sourcecode.swift; path = BlueBerryKiwiScreen.swift; sourceTree = "<group>"; };
		6CB96D3F285653F100836ED1 /* ColaFloatScreen.swift */ = {isa = PBXFileReference; lastKnownFileType = sourcecode.swift; path = ColaFloatScreen.swift; sourceTree = "<group>"; };
/* End PBXFileReference section */

/* Begin PBXFrameworksBuildPhase section */
		6C23D939284E072D009351E0 /* Frameworks */ = {
			isa = PBXFrameworksBuildPhase;
			buildActionMask = 2147483647;
			files = (
			);
			runOnlyForDeploymentPostprocessing = 0;
		};
/* End PBXFrameworksBuildPhase section */

/* Begin PBXGroup section */
		6C23D933284E072D009351E0 = {
			isa = PBXGroup;
			children = (
				6C23D93E284E072D009351E0 /* Floats */,
				6C23D93D284E072D009351E0 /* Products */,
			);
			sourceTree = "<group>";
		};
		6C23D93D284E072D009351E0 /* Products */ = {
			isa = PBXGroup;
			children = (
				6C23D93C284E072D009351E0 /* Floats.app */,
			);
			name = Products;
			sourceTree = "<group>";
		};
		6C23D93E284E072D009351E0 /* Floats */ = {
			isa = PBXGroup;
			children = (
				6C23D93F284E072D009351E0 /* FloatsApp.swift */,
				6C23D94F284E0788009351E0 /* Views */,
				6C23D945284E072F009351E0 /* Preview Content */,
			);
			path = Floats;
			sourceTree = "<group>";
		};
		6C23D945284E072F009351E0 /* Preview Content */ = {
			isa = PBXGroup;
			children = (
				6C23D946284E072F009351E0 /* Preview Assets.xcassets */,
			);
			path = "Preview Content";
			sourceTree = "<group>";
		};
		6C23D94F284E0788009351E0 /* Views */ = {
			isa = PBXGroup;
			children = (
				6C23D950284E07BC009351E0 /* HomeView.swift */,
				6C23D954284E1699009351E0 /* HomeTextView.swift */,
				6C23D95E284E361B009351E0 /* CategoryView.swift */,
				6C4502662863618D007F2C53 /* SearchView.swift */,
				6C450268286365E9007F2C53 /* SearchFloatView.swift */,
				6C45026A28636E43007F2C53 /* SearchSundaeView.swift */,
				6C23D96A284F5BDE009351E0 /* ProductCardView.swift */,
				6C43D26C2854E3DB002F46F1 /* TabBarView.swift */,
				6C43D2652854BC98002F46F1 /* MapView.swift */,
				6C45AF3D28513AF700609F23 /* SecondScreen */,
			);
			path = Views;
			sourceTree = "<group>";
		};
		6C45AF3D28513AF700609F23 /* SecondScreen */ = {
			isa = PBXGroup;
			children = (
				6C595649285E2A2A003C3480 /* AllScreen.swift */,
				6C29293728622A870056F504 /* BlueberryScreen.swift */,
				6CB64FD3285222F300BFF898 /* BlueBerryKiwiScreen.swift */,
				6C45026228634C3E007F2C53 /* BlueberryGrahamScreen.swift */,
				6CB64FBA2851474D00BFF898 /* CocoaScreen.swift */,
				6C450258286346C2007F2C53 /* CoffeeFloatScreen.swift */,
				6CB96D3F285653F100836ED1 /* ColaFloatScreen.swift */,
				6C45026028634B4D007F2C53 /* CreamSicleScreen.swift */,
				6C45025C28634855007F2C53 /* OreoCaramelScreen.swift */,
				6C29293928622B340056F504 /* OceanFloatScreen.swift */,
				6C292935286229930056F504 /* PurpleCowView.swift */,
				6C4502562863463F007F2C53 /* RbFloatScreen.swift */,
				6C45025E286348EB007F2C53 /* StrawberryScreen.swift */,
				6C45026428634D4C007F2C53 /* StrawberryKiwiScreen.swift */,
				6C45025A2863477D007F2C53 /* ThaiBlossomScreen.swift */,
				6C29293C286333830056F504 /* ThaiBubblegumScreen.swift */,
				6C59564D285F91E8003C3480 /* Assets.xcassets */,
			);
			path = SecondScreen;
			sourceTree = "<group>";
		};
/* End PBXGroup section */

/* Begin PBXNativeTarget section */
		6C23D93B284E072D009351E0 /* Floats */ = {
			isa = PBXNativeTarget;
			buildConfigurationList = 6C23D94A284E072F009351E0 /* Build configuration list for PBXNativeTarget "Floats" */;
			buildPhases = (
				6C23D938284E072D009351E0 /* Sources */,
				6C23D939284E072D009351E0 /* Frameworks */,
				6C23D93A284E072D009351E0 /* Resources */,
			);
			buildRules = (
			);
			dependencies = (
			);
			name = Floats;
			productName = Floats;
			productReference = 6C23D93C284E072D009351E0 /* Floats.app */;
			productType = "com.apple.product-type.application";
		};
/* End PBXNativeTarget section */

/* Begin PBXProject section */
		6C23D934284E072D009351E0 /* Project object */ = {
			isa = PBXProject;
			attributes = {
				BuildIndependentTargetsInParallel = 1;
				LastSwiftUpdateCheck = 1330;
				LastUpgradeCheck = 1330;
				TargetAttributes = {
					6C23D93B284E072D009351E0 = {
						CreatedOnToolsVersion = 13.3.1;
					};
				};
			};
			buildConfigurationList = 6C23D937284E072D009351E0 /* Build configuration list for PBXProject "Floats" */;
			compatibilityVersion = "Xcode 13.0";
			developmentRegion = en;
			hasScannedForEncodings = 0;
			knownRegions = (
				en,
				Base,
			);
			mainGroup = 6C23D933284E072D009351E0;
			productRefGroup = 6C23D93D284E072D009351E0 /* Products */;
			projectDirPath = "";
			projectRoot = "";
			targets = (
				6C23D93B284E072D009351E0 /* Floats */,
			);
		};
/* End PBXProject section */

/* Begin PBXResourcesBuildPhase section */
		6C23D93A284E072D009351E0 /* Resources */ = {
			isa = PBXResourcesBuildPhase;
			buildActionMask = 2147483647;
			files = (
				6C59564E285F91E8003C3480 /* Assets.xcassets in Resources */,
				6C23D947284E072F009351E0 /* Preview Assets.xcassets in Resources */,
			);
			runOnlyForDeploymentPostprocessing = 0;
		};
/* End PBXResourcesBuildPhase section */

/* Begin PBXSourcesBuildPhase section */
		6C23D938284E072D009351E0 /* Sources */ = {
			isa = PBXSourcesBuildPhase;
			buildActionMask = 2147483647;
			files = (
				6C23D940284E072D009351E0 /* FloatsApp.swift in Sources */,
				6CB64FBB2851474D00BFF898 /* CocoaScreen.swift in Sources */,
				6C45026B28636E43007F2C53 /* SearchSundaeView.swift in Sources */,
				6CB96D40285653F100836ED1 /* ColaFloatScreen.swift in Sources */,
				6C45026128634B4D007F2C53 /* CreamSicleScreen.swift in Sources */,
				6C43D2662854BC98002F46F1 /* MapView.swift in Sources */,
				6C45025D28634855007F2C53 /* OreoCaramelScreen.swift in Sources */,
				6C45025F286348EB007F2C53 /* StrawberryScreen.swift in Sources */,
				6C23D955284E1699009351E0 /* HomeTextView.swift in Sources */,
				6C29293A28622B340056F504 /* OceanFloatScreen.swift in Sources */,
				6C23D95F284E361B009351E0 /* CategoryView.swift in Sources */,
				6C23D951284E07BC009351E0 /* HomeView.swift in Sources */,
				6C45025B2863477D007F2C53 /* ThaiBlossomScreen.swift in Sources */,
				6C4502672863618D007F2C53 /* SearchView.swift in Sources */,
				6C59564A285E2A2A003C3480 /* AllScreen.swift in Sources */,
				6C23D96B284F5BDE009351E0 /* ProductCardView.swift in Sources */,
				6C4502572863463F007F2C53 /* RbFloatScreen.swift in Sources */,
				6C45026328634C3E007F2C53 /* BlueberryGrahamScreen.swift in Sources */,
				6C450259286346C2007F2C53 /* CoffeeFloatScreen.swift in Sources */,
				6CB64FD4285222F300BFF898 /* BlueBerryKiwiScreen.swift in Sources */,
				6C292936286229930056F504 /* PurpleCowView.swift in Sources */,
				6C29293828622A870056F504 /* BlueberryScreen.swift in Sources */,
				6C43D26D2854E3DB002F46F1 /* TabBarView.swift in Sources */,
				6C45026528634D4C007F2C53 /* StrawberryKiwiScreen.swift in Sources */,
				6C29293D286333830056F504 /* ThaiBubblegumScreen.swift in Sources */,
				6C450269286365E9007F2C53 /* SearchFloatView.swift in Sources */,
			);
			runOnlyForDeploymentPostprocessing = 0;
		};
/* End PBXSourcesBuildPhase section */

/* Begin XCBuildConfiguration section */
		6C23D948284E072F009351E0 /* Debug */ = {
			isa = XCBuildConfiguration;
			buildSettings = {
				ALWAYS_SEARCH_USER_PATHS = NO;
				CLANG_ANALYZER_NONNULL = YES;
				CLANG_ANALYZER_NUMBER_OBJECT_CONVERSION = YES_AGGRESSIVE;
				CLANG_CXX_LANGUAGE_STANDARD = "gnu++17";
				CLANG_ENABLE_MODULES = YES;
				CLANG_ENABLE_OBJC_ARC = YES;
				CLANG_ENABLE_OBJC_WEAK = YES;
				CLANG_WARN_BLOCK_CAPTURE_AUTORELEASING = YES;
				CLANG_WARN_BOOL_CONVERSION = YES;
				CLANG_WARN_COMMA = YES;
				CLANG_WARN_CONSTANT_CONVERSION = YES;
				CLANG_WARN_DEPRECATED_OBJC_IMPLEMENTATIONS = YES;
				CLANG_WARN_DIRECT_OBJC_ISA_USAGE = YES_ERROR;
				CLANG_WARN_DOCUMENTATION_COMMENTS = YES;
				CLANG_WARN_EMPTY_BODY = YES;
				CLANG_WARN_ENUM_CONVERSION = YES;
				CLANG_WARN_INFINITE_RECURSION = YES;
				CLANG_WARN_INT_CONVERSION = YES;
				CLANG_WARN_NON_LITERAL_NULL_CONVERSION = YES;
				CLANG_WARN_OBJC_IMPLICIT_RETAIN_SELF = YES;
				CLANG_WARN_OBJC_LITERAL_CONVERSION = YES;
				CLANG_WARN_OBJC_ROOT_CLASS = YES_ERROR;
				CLANG_WARN_QUOTED_INCLUDE_IN_FRAMEWORK_HEADER = YES;
				CLANG_WARN_RANGE_LOOP_ANALYSIS = YES;
				CLANG_WARN_STRICT_PROTOTYPES = YES;
				CLANG_WARN_SUSPICIOUS_MOVE = YES;
				CLANG_WARN_UNGUARDED_AVAILABILITY = YES_AGGRESSIVE;
				CLANG_WARN_UNREACHABLE_CODE = YES;
				CLANG_WARN__DUPLICATE_METHOD_MATCH = YES;
				COPY_PHASE_STRIP = NO;
				DEBUG_INFORMATION_FORMAT = dwarf;
				ENABLE_STRICT_OBJC_MSGSEND = YES;
				ENABLE_TESTABILITY = YES;
				GCC_C_LANGUAGE_STANDARD = gnu11;
				GCC_DYNAMIC_NO_PIC = NO;
				GCC_NO_COMMON_BLOCKS = YES;
				GCC_OPTIMIZATION_LEVEL = 0;
				GCC_PREPROCESSOR_DEFINITIONS = (
					"DEBUG=1",
					"$(inherited)",
				);
				GCC_WARN_64_TO_32_BIT_CONVERSION = YES;
				GCC_WARN_ABOUT_RETURN_TYPE = YES_ERROR;
				GCC_WARN_UNDECLARED_SELECTOR = YES;
				GCC_WARN_UNINITIALIZED_AUTOS = YES_AGGRESSIVE;
				GCC_WARN_UNUSED_FUNCTION = YES;
				GCC_WARN_UNUSED_VARIABLE = YES;
				IPHONEOS_DEPLOYMENT_TARGET = 15.4;
				MTL_ENABLE_DEBUG_INFO = INCLUDE_SOURCE;
				MTL_FAST_MATH = YES;
				ONLY_ACTIVE_ARCH = YES;
				SDKROOT = iphoneos;
				SWIFT_ACTIVE_COMPILATION_CONDITIONS = DEBUG;
				SWIFT_OPTIMIZATION_LEVEL = "-Onone";
			};
			name = Debug;
		};
		6C23D949284E072F009351E0 /* Release */ = {
			isa = XCBuildConfiguration;
			buildSettings = {
				ALWAYS_SEARCH_USER_PATHS = NO;
				CLANG_ANALYZER_NONNULL = YES;
				CLANG_ANALYZER_NUMBER_OBJECT_CONVERSION = YES_AGGRESSIVE;
				CLANG_CXX_LANGUAGE_STANDARD = "gnu++17";
				CLANG_ENABLE_MODULES = YES;
				CLANG_ENABLE_OBJC_ARC = YES;
				CLANG_ENABLE_OBJC_WEAK = YES;
				CLANG_WARN_BLOCK_CAPTURE_AUTORELEASING = YES;
				CLANG_WARN_BOOL_CONVERSION = YES;
				CLANG_WARN_COMMA = YES;
				CLANG_WARN_CONSTANT_CONVERSION = YES;
				CLANG_WARN_DEPRECATED_OBJC_IMPLEMENTATIONS = YES;
				CLANG_WARN_DIRECT_OBJC_ISA_USAGE = YES_ERROR;
				CLANG_WARN_DOCUMENTATION_COMMENTS = YES;
				CLANG_WARN_EMPTY_BODY = YES;
				CLANG_WARN_ENUM_CONVERSION = YES;
				CLANG_WARN_INFINITE_RECURSION = YES;
				CLANG_WARN_INT_CONVERSION = YES;
				CLANG_WARN_NON_LITERAL_NULL_CONVERSION = YES;
				CLANG_WARN_OBJC_IMPLICIT_RETAIN_SELF = YES;
				CLANG_WARN_OBJC_LITERAL_CONVERSION = YES;
				CLANG_WARN_OBJC_ROOT_CLASS = YES_ERROR;
				CLANG_WARN_QUOTED_INCLUDE_IN_FRAMEWORK_HEADER = YES;
				CLANG_WARN_RANGE_LOOP_ANALYSIS = YES;
				CLANG_WARN_STRICT_PROTOTYPES = YES;
				CLANG_WARN_SUSPICIOUS_MOVE = YES;
				CLANG_WARN_UNGUARDED_AVAILABILITY = YES_AGGRESSIVE;
				CLANG_WARN_UNREACHABLE_CODE = YES;
				CLANG_WARN__DUPLICATE_METHOD_MATCH = YES;
				COPY_PHASE_STRIP = NO;
				DEBUG_INFORMATION_FORMAT = "dwarf-with-dsym";
				ENABLE_NS_ASSERTIONS = NO;
				ENABLE_STRICT_OBJC_MSGSEND = YES;
				GCC_C_LANGUAGE_STANDARD = gnu11;
				GCC_NO_COMMON_BLOCKS = YES;
				GCC_WARN_64_TO_32_BIT_CONVERSION = YES;
				GCC_WARN_ABOUT_RETURN_TYPE = YES_ERROR;
				GCC_WARN_UNDECLARED_SELECTOR = YES;
				GCC_WARN_UNINITIALIZED_AUTOS = YES_AGGRESSIVE;
				GCC_WARN_UNUSED_FUNCTION = YES;
				GCC_WARN_UNUSED_VARIABLE = YES;
				IPHONEOS_DEPLOYMENT_TARGET = 15.4;
				MTL_ENABLE_DEBUG_INFO = NO;
				MTL_FAST_MATH = YES;
				SDKROOT = iphoneos;
				SWIFT_COMPILATION_MODE = wholemodule;
				SWIFT_OPTIMIZATION_LEVEL = "-O";
				VALIDATE_PRODUCT = YES;
			};
			name = Release;
		};
		6C23D94B284E072F009351E0 /* Debug */ = {
			isa = XCBuildConfiguration;
			buildSettings = {
				ASSETCATALOG_COMPILER_APPICON_NAME = AppIcon;
				ASSETCATALOG_COMPILER_GLOBAL_ACCENT_COLOR_NAME = AccentColor;
				CODE_SIGN_STYLE = Automatic;
				CURRENT_PROJECT_VERSION = 1;
				DEVELOPMENT_ASSET_PATHS = "\"Floats/Preview Content\"";
				DEVELOPMENT_TEAM = L6785QMU69;
				ENABLE_PREVIEWS = YES;
				GENERATE_INFOPLIST_FILE = YES;
				INFOPLIST_KEY_UIApplicationSceneManifest_Generation = YES;
				INFOPLIST_KEY_UIApplicationSupportsIndirectInputEvents = YES;
				INFOPLIST_KEY_UILaunchScreen_Generation = YES;
				INFOPLIST_KEY_UISupportedInterfaceOrientations = UIInterfaceOrientationPortrait;
				INFOPLIST_KEY_UISupportedInterfaceOrientations_iPad = "UIInterfaceOrientationPortrait UIInterfaceOrientationPortraitUpsideDown UIInterfaceOrientationLandscapeLeft UIInterfaceOrientationLandscapeRight";
				INFOPLIST_KEY_UISupportedInterfaceOrientations_iPhone = "UIInterfaceOrientationPortrait UIInterfaceOrientationLandscapeLeft UIInterfaceOrientationLandscapeRight";
				INFOPLIST_KEY_UIUserInterfaceStyle = Light;
				LD_RUNPATH_SEARCH_PATHS = (
					"$(inherited)",
					"@executable_path/Frameworks",
				);
				MARKETING_VERSION = 1.0;
				PRODUCT_BUNDLE_IDENTIFIER = com.Floats;
				PRODUCT_NAME = "$(TARGET_NAME)";
				SWIFT_EMIT_LOC_STRINGS = YES;
				SWIFT_VERSION = 5.0;
				TARGETED_DEVICE_FAMILY = 1;
			};
			name = Debug;
		};
		6C23D94C284E072F009351E0 /* Release */ = {
			isa = XCBuildConfiguration;
			buildSettings = {
				ASSETCATALOG_COMPILER_APPICON_NAME = AppIcon;
				ASSETCATALOG_COMPILER_GLOBAL_ACCENT_COLOR_NAME = AccentColor;
				CODE_SIGN_STYLE = Automatic;
				CURRENT_PROJECT_VERSION = 1;
				DEVELOPMENT_ASSET_PATHS = "\"Floats/Preview Content\"";
				DEVELOPMENT_TEAM = L6785QMU69;
				ENABLE_PREVIEWS = YES;
				GENERATE_INFOPLIST_FILE = YES;
				INFOPLIST_KEY_UIApplicationSceneManifest_Generation = YES;
				INFOPLIST_KEY_UIApplicationSupportsIndirectInputEvents = YES;
				INFOPLIST_KEY_UILaunchScreen_Generation = YES;
				INFOPLIST_KEY_UISupportedInterfaceOrientations = UIInterfaceOrientationPortrait;
				INFOPLIST_KEY_UISupportedInterfaceOrientations_iPad = "UIInterfaceOrientationPortrait UIInterfaceOrientationPortraitUpsideDown UIInterfaceOrientationLandscapeLeft UIInterfaceOrientationLandscapeRight";
				INFOPLIST_KEY_UISupportedInterfaceOrientations_iPhone = "UIInterfaceOrientationPortrait UIInterfaceOrientationLandscapeLeft UIInterfaceOrientationLandscapeRight";
				INFOPLIST_KEY_UIUserInterfaceStyle = Light;
				LD_RUNPATH_SEARCH_PATHS = (
					"$(inherited)",
					"@executable_path/Frameworks",
				);
				MARKETING_VERSION = 1.0;
				PRODUCT_BUNDLE_IDENTIFIER = com.Floats;
				PRODUCT_NAME = "$(TARGET_NAME)";
				SWIFT_EMIT_LOC_STRINGS = YES;
				SWIFT_VERSION = 5.0;
				TARGETED_DEVICE_FAMILY = 1;
			};
			name = Release;
		};
/* End XCBuildConfiguration section */

/* Begin XCConfigurationList section */
		6C23D937284E072D009351E0 /* Build configuration list for PBXProject "Floats" */ = {
			isa = XCConfigurationList;
			buildConfigurations = (
				6C23D948284E072F009351E0 /* Debug */,
				6C23D949284E072F009351E0 /* Release */,
			);
			defaultConfigurationIsVisible = 0;
			defaultConfigurationName = Release;
		};
		6C23D94A284E072F009351E0 /* Build configuration list for PBXNativeTarget "Floats" */ = {
			isa = XCConfigurationList;
			buildConfigurations = (
				6C23D94B284E072F009351E0 /* Debug */,
				6C23D94C284E072F009351E0 /* Release */,
			);
			defaultConfigurationIsVisible = 0;
			defaultConfigurationName = Release;
		};
/* End XCConfigurationList section */
	};
	rootObject = 6C23D934284E072D009351E0 /* Project object */;
}
